
Microsoft Visual Studio Solution File, Format Version 12.00
# Visual Studio 2013
VisualStudioVersion = 12.0.21005.1
MinimumVisualStudioVersion = 10.0.40219.1
Project("{8BC9CEB8-8B4A-11D0-8D11-00A0C91BC942}") = "TriangleProblem", "TriangleProblem\TriangleProblem.vcxproj", "{DF8C4B66-40B8-4495-9A88-D9C9FA081425}"
EndProject
Project("{8BC9CEB8-8B4A-11D0-8D11-00A0C91BC942}") = "GoogleTest", "GoogleTest\GoogleTest.vcxproj", "{EC9202C1-FD0B-4F74-8E9C-F64C6DD147BF}"
EndProject
Project("{8BC9CEB8-8B4A-11D0-8D11-00A0C91BC942}") = "UnitTest_pathtest_C012_MCDC", "UnitTest_pathtest_C012_MCDC\UnitTest_pathtest_C012_MCDC.vcxproj", "{2C48811D-A491-45D3-8E4E-101F4CA7724A}"
EndProject
Global
	GlobalSection(SolutionConfigurationPlatforms) = preSolution
		Debug|Win32 = Debug|Win32
		Release|Win32 = Release|Win32
	EndGlobalSection
	GlobalSection(ProjectConfigurationPlatforms) = postSolution
		{DF8C4B66-40B8-4495-9A88-D9C9FA081425}.Debug|Win32.ActiveCfg = Debug|Win32
		{DF8C4B66-40B8-4495-9A88-D9C9FA081425}.Debug|Win32.Build.0 = Debug|Win32
		{DF8C4B66-40B8-4495-9A88-D9C9FA081425}.Release|Win32.ActiveCfg = Release|Win32
		{DF8C4B66-40B8-4495-9A88-D9C9FA081425}.Release|Win32.Build.0 = Release|Win32
		{EC9202C1-FD0B-4F74-8E9C-F64C6DD147BF}.Debug|Win32.ActiveCfg = Debug|Win32
		{EC9202C1-FD0B-4F74-8E9C-F64C6DD147BF}.Debug|Win32.Build.0 = Debug|Win32
		{EC9202C1-FD0B-4F74-8E9C-F64C6DD147BF}.Release|Win32.ActiveCfg = Release|Win32
		{EC9202C1-FD0B-4F74-8E9C-F64C6DD147BF}.Release|Win32.Build.0 = Release|Win32
		{2C48811D-A491-45D3-8E4E-101F4CA7724A}.Debug|Win32.ActiveCfg = Debug|Win32
		{2C48811D-A491-45D3-8E4E-101F4CA7724A}.Debug|Win32.Build.0 = Debug|Win32
		{2C48811D-A491-45D3-8E4E-101F4CA7724A}.Release|Win32.ActiveCfg = Release|Win32
		{2C48811D-A491-45D3-8E4E-101F4CA7724A}.Release|Win32.Build.0 = Release|Win32
	EndGlobalSection
	GlobalSection(SolutionProperties) = preSolution
		HideSolutionNode = FALSE
	EndGlobalSection
EndGlobal
